
Microsoft Visual Studio Solution File, Format Version 12.00
# Visual Studio Version 17
VisualStudioVersion = 17.13.35825.156 d17.13
MinimumVisualStudioVersion = 10.0.40219.1
Project("{FAE04EC0-301F-11D3-BF4B-00C04F79EFBC}") = "BuildAndVue", "BuildAndVue\BuildAndVue.csproj", "{A32A20AE-4085-4D19-A157-40440C910B65}"
EndProject
Global
	GlobalSection(SolutionConfigurationPlatforms) = preSolution
		Debug|Any CPU = Debug|Any CPU
		Release|Any CPU = Release|Any CPU
	EndGlobalSection
	GlobalSection(ProjectConfigurationPlatforms) = postSolution
		{A32A20AE-4085-4D19-A157-40440C910B65}.Debug|Any CPU.ActiveCfg = Debug|Any CPU
		{A32A20AE-4085-4D19-A157-40440C910B65}.Debug|Any CPU.Build.0 = Debug|Any CPU
		{A32A20AE-4085-4D19-A157-40440C910B65}.Release|Any CPU.ActiveCfg = Release|Any CPU
		{A32A20AE-4085-4D19-A157-40440C910B65}.Release|Any CPU.Build.0 = Release|Any CPU
	EndGlobalSection
	GlobalSection(SolutionProperties) = preSolution
		HideSolutionNode = FALSE
	EndGlobalSection
	GlobalSection(ExtensibilityGlobals) = postSolution
		SolutionGuid = {E9D23B08-6073-4DB2-AE70-A6D2AFE8DB0A}
	EndGlobalSection
EndGlobal
